lockfileVersion: '9.0'

settings:
  autoInstallPeers: true
  excludeLinksFromLockfile: false

importers:

  .:
    devDependencies:
      '@shopify/prettier-plugin-liquid':
        specifier: ^1.8.1
        version: 1.8.1(prettier@3.5.1)
      install:
        specifier: ^0.13.0
        version: 0.13.0
      npm:
        specifier: ^11.1.0
        version: 11.1.0
      prettier:
        specifier: ^3.5.1
        version: 3.5.1

packages:

  '@shopify/liquid-html-parser@2.5.0':
    resolution: {integrity: sha512-5Kv2XUk8l6Rvkmwjw1sdgwaTTzXLHs3c8fPcrnfn1qoVcVmfixL3nV2eSkvjf7nRRFiBCu6hOjcMZ/kq0iSPrw==}

  '@shopify/prettier-plugin-liquid@1.8.1':
    resolution: {integrity: sha512-O/Rft4RHxOsYtl5b8jUiDOw1RTEv7d8WKLafjWVc4jDQ7Yklh7DiPX9kA4KLc5tPhAeJEEgFSapEE08iI8/nBw==}
    peerDependencies:
      prettier: ^2.0.0 || ^3.0.0

  html-styles@1.0.0:
    resolution: {integrity: sha512-cDl5dcj73oI4Hy0DSUNh54CAwslNLJRCCoO+RNkVo+sBrjA/0+7E/xzvj3zH/GxbbBLGJhE0hBe1eg+0FINC6w==}

  install@0.13.0:
    resolution: {integrity: sha512-zDml/jzr2PKU9I8J/xyZBQn8rPCAY//UOYNmR01XwNwyfhEWObo2SWfSl1+0tm1u6PhxLwDnfsT/6jB7OUxqFA==}
    engines: {node: '>= 0.10'}

  isarray@1.0.0:
    resolution: {integrity: sha512-VLghIWNM6ELQzo7zwmcg0NmTVyWKYjvIeM83yjp0wRDTmUnrM678fQbcKBo6n2CJEF0szoG//ytg+TKla89ALQ==}

  isobject@2.1.0:
    resolution: {integrity: sha512-+OUdGJlgjOBZDfxnDjYYG6zp487z0JGNQq3cYQYg5f5hKR+syHMsaztzGeml/4kGG55CSpKSpWTY+jYGgsHLgA==}
    engines: {node: '>=0.10.0'}

  line-column@1.0.2:
    resolution: {integrity: sha512-Ktrjk5noGYlHsVnYWh62FLVs4hTb8A3e+vucNZMgPeAOITdshMSgv4cCZQeRDjm7+goqmo6+liZwTXo+U3sVww==}

  npm@11.1.0:
    resolution: {integrity: sha512-rPMBrZud26lI/LcjQeLw/K5Hf1apXMKgkpNNEzp0YQYmM877+T1ZNKPcB2hnTi7e6fBNz8xLtMMn/w46fVUqGw==}
    engines: {node: ^20.17.0 || >=22.9.0}
    hasBin: true
    bundledDependencies:
      - '@isaacs/string-locale-compare'
      - '@npmcli/arborist'
      - '@npmcli/config'
      - '@npmcli/fs'
      - '@npmcli/map-workspaces'
      - '@npmcli/package-json'
      - '@npmcli/promise-spawn'
      - '@npmcli/redact'
      - '@npmcli/run-script'
      - '@sigstore/tuf'
      - abbrev
      - archy
      - cacache
      - chalk
      - ci-info
      - cli-columns
      - fastest-levenshtein
      - fs-minipass
      - glob
      - graceful-fs
      - hosted-git-info
      - ini
      - init-package-json
      - is-cidr
      - json-parse-even-better-errors
      - libnpmaccess
      - libnpmdiff
      - libnpmexec
      - libnpmfund
      - libnpmorg
      - libnpmpack
      - libnpmpublish
      - libnpmsearch
      - libnpmteam
      - libnpmversion
      - make-fetch-happen
      - minimatch
      - minipass
      - minipass-pipeline
      - ms
      - node-gyp
      - nopt
      - normalize-package-data
      - npm-audit-report
      - npm-install-checks
      - npm-package-arg
      - npm-pick-manifest
      - npm-profile
      - npm-registry-fetch
      - npm-user-validate
      - p-map
      - pacote
      - parse-conflict-json
      - proc-log
      - qrcode-terminal
      - read
      - semver
      - spdx-expression-parse
      - ssri
      - supports-color
      - tar
      - text-table
      - tiny-relative-date
      - treeverse
      - validate-npm-package-name
      - which

  ohm-js@16.6.0:
    resolution: {integrity: sha512-X9P4koSGa7swgVQ0gt71UCYtkAQGOjciJPJAz74kDxWt8nXbH5HrDOQG6qBDH7SR40ktNv4x61BwpTDE9q4lRA==}
    engines: {node: '>=0.12.1'}

  prettier@3.5.1:
    resolution: {integrity: sha512-hPpFQvHwL3Qv5AdRvBFMhnKo4tYxp0ReXiPn2bxkiohEX6mBeBwEpBSQTkD458RaaDKQMYSp4hX4UtfUTA5wDw==}
    engines: {node: '>=14'}
    hasBin: true

snapshots:

  '@shopify/liquid-html-parser@2.5.0':
    dependencies:
      line-column: 1.0.2
      ohm-js: 16.6.0

  '@shopify/prettier-plugin-liquid@1.8.1(prettier@3.5.1)':
    dependencies:
      '@shopify/liquid-html-parser': 2.5.0
      html-styles: 1.0.0
      prettier: 3.5.1

  html-styles@1.0.0: {}

  install@0.13.0: {}

  isarray@1.0.0: {}

  isobject@2.1.0:
    dependencies:
      isarray: 1.0.0

  line-column@1.0.2:
    dependencies:
      isarray: 1.0.0
      isobject: 2.1.0

  npm@11.1.0: {}

  ohm-js@16.6.0: {}

  prettier@3.5.1: {}
